
Microsoft Visual Studio Solution File, Format Version 12.00
# Visual Studio Version 17
VisualStudioVersion = 17.2.32630.192
MinimumVisualStudioVersion = 10.0.40219.1
Project("{FAE04EC0-301F-11D3-BF4B-00C04F79EFBC}") = "Łukasz_Kulesza_184764", "Łukasz_Kulesza_184764\Łukasz_Kulesza_184764.csproj", "{B3678848-7012-4CB4-ADF3-5E4A1D6D78D1}"
EndProject
Global
	GlobalSection(SolutionConfigurationPlatforms) = preSolution
		Debug|Any CPU = Debug|Any CPU
		Release|Any CPU = Release|Any CPU
	EndGlobalSection
	GlobalSection(ProjectConfigurationPlatforms) = postSolution
		{B3678848-7012-4CB4-ADF3-5E4A1D6D78D1}.Debug|Any CPU.ActiveCfg = Debug|Any CPU
		{B3678848-7012-4CB4-ADF3-5E4A1D6D78D1}.Debug|Any CPU.Build.0 = Debug|Any CPU
		{B3678848-7012-4CB4-ADF3-5E4A1D6D78D1}.Release|Any CPU.ActiveCfg = Release|Any CPU
		{B3678848-7012-4CB4-ADF3-5E4A1D6D78D1}.Release|Any CPU.Build.0 = Release|Any CPU
	EndGlobalSection
	GlobalSection(SolutionProperties) = preSolution
		HideSolutionNode = FALSE
	EndGlobalSection
	GlobalSection(ExtensibilityGlobals) = postSolution
		SolutionGuid = {17E4E673-3852-4BB8-AB65-6A18FE4F30CE}
	EndGlobalSection
EndGlobal
